
Microsoft Visual Studio Solution File, Format Version 12.00
# Visual Studio Version 17
VisualStudioVersion = 17.0.31912.275
MinimumVisualStudioVersion = 10.0.40219.1
Project("{FAE04EC0-301F-11D3-BF4B-00C04F79EFBC}") = "LoRex Launcher", "LoRex Launcher\LoRex Launcher.csproj", "{ADDE0FEC-9AE5-4ADA-8B68-4CA80C643CDB}"
EndProject
Global
	GlobalSection(SolutionConfigurationPlatforms) = preSolution
		Debug|Any CPU = Debug|Any CPU
		Release|Any CPU = Release|Any CPU
	EndGlobalSection
	GlobalSection(ProjectConfigurationPlatforms) = postSolution
		{ADDE0FEC-9AE5-4ADA-8B68-4CA80C643CDB}.Debug|Any CPU.ActiveCfg = Debug|Any CPU
		{ADDE0FEC-9AE5-4ADA-8B68-4CA80C643CDB}.Debug|Any CPU.Build.0 = Debug|Any CPU
		{ADDE0FEC-9AE5-4ADA-8B68-4CA80C643CDB}.Release|Any CPU.ActiveCfg = Release|Any CPU
		{ADDE0FEC-9AE5-4ADA-8B68-4CA80C643CDB}.Release|Any CPU.Build.0 = Release|Any CPU
	EndGlobalSection
	GlobalSection(SolutionProperties) = preSolution
		HideSolutionNode = FALSE
	EndGlobalSection
	GlobalSection(ExtensibilityGlobals) = postSolution
		SolutionGuid = {11DEBFEF-D8E7-4279-99C2-048F4D2CAA07}
	EndGlobalSection
EndGlobal
